
Microsoft Visual Studio Solution File, Format Version 11.00
# Visual Studio 2010
Project("{2150E333-8FDC-42A3-9474-1A3956D46DE8}") = "Samples", "Samples", "{AD6A872A-CCD5-4EBD-8E00-BB44C93C5C3E}"
EndProject
Project("{2150E333-8FDC-42A3-9474-1A3956D46DE8}") = "OData", "OData", "{0E1ED54E-B988-4711-AC77-C6392121FF1C}"
EndProject
Project("{2150E333-8FDC-42A3-9474-1A3956D46DE8}") = "REST", "REST", "{D3DC66DB-D692-465D-8BDA-43A6AB61FE11}"
EndProject
Project("{FAE04EC0-301F-11D3-BF4B-00C04F79EFBC}") = "Thinktecture.IdentityModel", "Thinktecture.IdentityModel\Thinktecture.IdentityModel.csproj", "{AC9A74DF-4AAB-43C8-B0ED-B7602721E545}"
EndProject
Project("{FAE04EC0-301F-11D3-BF4B-00C04F79EFBC}") = "CertificateReferences", "Samples\CertificateReferences\CertificateReferences.csproj", "{10A59032-4874-46AC-8DBE-47BEC13DFB0F}"
EndProject
Project("{FAE04EC0-301F-11D3-BF4B-00C04F79EFBC}") = "Claims", "Samples\Claims\Claims.csproj", "{2F2DB109-DBB0-495E-AEF6-C14033B89DA5}"
EndProject
Project("{FAE04EC0-301F-11D3-BF4B-00C04F79EFBC}") = "ExtensionMethods", "Samples\ExtensionMethods\ExtensionMethods.csproj", "{12AD03F6-C97D-4D53-9CD2-7C665936CD93}"
EndProject
Project("{FAE04EC0-301F-11D3-BF4B-00C04F79EFBC}") = "Tokens", "Samples\AccessToken\Tokens.csproj", "{9FC44494-DB00-4183-AB1C-5C22FF316803}"
EndProject
Project("{FAE04EC0-301F-11D3-BF4B-00C04F79EFBC}") = "ClientSamlToken", "Samples\ClientSamlToken\ClientSamlToken.csproj", "{A6FA3DF7-B688-4EE5-897E-F0E86EB530B7}"
EndProject
Project("{FAE04EC0-301F-11D3-BF4B-00C04F79EFBC}") = "TimeTest", "Samples\TimeTest\TimeTest.csproj", "{584EF101-DF02-4C0F-88A9-18EADE7F9C01}"
EndProject
Project("{FAE04EC0-301F-11D3-BF4B-00C04F79EFBC}") = "Service", "Samples\OData\Service\Service.csproj", "{67E93508-06A0-4695-B63B-ED68A30C9157}"
EndProject
Project("{FAE04EC0-301F-11D3-BF4B-00C04F79EFBC}") = "Client", "Samples\OData\Client\Client.csproj", "{47A57495-C40A-46F4-A95E-4F0FA9FB997E}"
EndProject
Project("{FAE04EC0-301F-11D3-BF4B-00C04F79EFBC}") = "Service", "Samples\REST\Service\Service.csproj", "{053691C8-A3D4-4CA0-B242-27F1E7FA4AF0}"
EndProject
Project("{FAE04EC0-301F-11D3-BF4B-00C04F79EFBC}") = "Client", "Samples\REST\Client\Client.csproj", "{90CD5B4D-E073-40B1-A3BC-CFEB4878548C}"
EndProject
Project("{FAE04EC0-301F-11D3-BF4B-00C04F79EFBC}") = "GenerateSymmetricSigningKey", "Samples\GenerateSymmetricSigningKey\GenerateSymmetricSigningKey.csproj", "{28E8C712-9FD9-4A87-9BB7-9608FFC12C6C}"
EndProject
Project("{FAE04EC0-301F-11D3-BF4B-00C04F79EFBC}") = "Authorization", "Samples\Authorization\Authorization.csproj", "{A4372A2E-E797-4594-8211-37C96F4E7CC4}"
EndProject
Project("{FAE04EC0-301F-11D3-BF4B-00C04F79EFBC}") = "TokenExtensions", "Samples\TokenExtensions\TokenExtensions.csproj", "{3EDC2D04-1B59-4841-B924-05AA365B1378}"
EndProject
Project("{FAE04EC0-301F-11D3-BF4B-00C04F79EFBC}") = "ExtractTokenFromRSTR", "Samples\ExtractTokenFromRSTR\ExtractTokenFromRSTR.csproj", "{4F3231A4-4F3E-4E05-9AD8-FA674BF9562E}"
EndProject
Project("{FAE04EC0-301F-11D3-BF4B-00C04F79EFBC}") = "WrapClient", "Samples\WrapClient\WrapClient.csproj", "{B7444036-F81E-4BD3-8977-44FE9BD2369F}"
EndProject
Project("{FAE04EC0-301F-11D3-BF4B-00C04F79EFBC}") = "Thinktecture.IdentityModel.Samples", "Thinktecture.IdentityModel.Samples\Thinktecture.IdentityModel.Samples.csproj", "{F176B588-79ED-4A59-BF4F-D424387F80A5}"
EndProject
Global
	GlobalSection(SolutionConfigurationPlatforms) = preSolution
		Analysis (Debug)|Any CPU = Analysis (Debug)|Any CPU
		Analysis (Debug)|Mixed Platforms = Analysis (Debug)|Mixed Platforms
		Analysis (Debug)|x86 = Analysis (Debug)|x86
		Contracts (Debug)|Any CPU = Contracts (Debug)|Any CPU
		Contracts (Debug)|Mixed Platforms = Contracts (Debug)|Mixed Platforms
		Contracts (Debug)|x86 = Contracts (Debug)|x86
		Debug|Any CPU = Debug|Any CPU
		Debug|Mixed Platforms = Debug|Mixed Platforms
		Debug|x86 = Debug|x86
		Release|Any CPU = Release|Any CPU
		Release|Mixed Platforms = Release|Mixed Platforms
		Release|x86 = Release|x86
	EndGlobalSection
	GlobalSection(ProjectConfigurationPlatforms) = postSolution
		{AC9A74DF-4AAB-43C8-B0ED-B7602721E545}.Analysis (Debug)|Any CPU.ActiveCfg = Analysis (Debug)|Any CPU
		{AC9A74DF-4AAB-43C8-B0ED-B7602721E545}.Analysis (Debug)|Any CPU.Build.0 = Analysis (Debug)|Any CPU
		{AC9A74DF-4AAB-43C8-B0ED-B7602721E545}.Analysis (Debug)|Mixed Platforms.ActiveCfg = Analysis (Debug)|Any CPU
		{AC9A74DF-4AAB-43C8-B0ED-B7602721E545}.Analysis (Debug)|Mixed Platforms.Build.0 = Analysis (Debug)|Any CPU
		{AC9A74DF-4AAB-43C8-B0ED-B7602721E545}.Analysis (Debug)|x86.ActiveCfg = Analysis (Debug)|Any CPU
		{AC9A74DF-4AAB-43C8-B0ED-B7602721E545}.Contracts (Debug)|Any CPU.ActiveCfg = Debug and Contracts|Any CPU
		{AC9A74DF-4AAB-43C8-B0ED-B7602721E545}.Contracts (Debug)|Any CPU.Build.0 = Debug and Contracts|Any CPU
		{AC9A74DF-4AAB-43C8-B0ED-B7602721E545}.Contracts (Debug)|Mixed Platforms.ActiveCfg = Debug|Any CPU
		{AC9A74DF-4AAB-43C8-B0ED-B7602721E545}.Contracts (Debug)|Mixed Platforms.Build.0 = Debug|Any CPU
		{AC9A74DF-4AAB-43C8-B0ED-B7602721E545}.Contracts (Debug)|x86.ActiveCfg = Debug|Any CPU
		{AC9A74DF-4AAB-43C8-B0ED-B7602721E545}.Debug|Any CPU.ActiveCfg = Debug|Any CPU
		{AC9A74DF-4AAB-43C8-B0ED-B7602721E545}.Debug|Any CPU.Build.0 = Debug|Any CPU
		{AC9A74DF-4AAB-43C8-B0ED-B7602721E545}.Debug|Mixed Platforms.ActiveCfg = Debug|Any CPU
		{AC9A74DF-4AAB-43C8-B0ED-B7602721E545}.Debug|Mixed Platforms.Build.0 = Debug|Any CPU
		{AC9A74DF-4AAB-43C8-B0ED-B7602721E545}.Debug|x86.ActiveCfg = Debug|Any CPU
		{AC9A74DF-4AAB-43C8-B0ED-B7602721E545}.Release|Any CPU.ActiveCfg = Release|Any CPU
		{AC9A74DF-4AAB-43C8-B0ED-B7602721E545}.Release|Any CPU.Build.0 = Release|Any CPU
		{AC9A74DF-4AAB-43C8-B0ED-B7602721E545}.Release|Mixed Platforms.ActiveCfg = Release|Any CPU
		{AC9A74DF-4AAB-43C8-B0ED-B7602721E545}.Release|Mixed Platforms.Build.0 = Release|Any CPU
		{AC9A74DF-4AAB-43C8-B0ED-B7602721E545}.Release|x86.ActiveCfg = Release|Any CPU
		{10A59032-4874-46AC-8DBE-47BEC13DFB0F}.Analysis (Debug)|Any CPU.ActiveCfg = Debug|Any CPU
		{10A59032-4874-46AC-8DBE-47BEC13DFB0F}.Analysis (Debug)|Any CPU.Build.0 = Debug|Any CPU
		{10A59032-4874-46AC-8DBE-47BEC13DFB0F}.Analysis (Debug)|Mixed Platforms.ActiveCfg = Debug|Any CPU
		{10A59032-4874-46AC-8DBE-47BEC13DFB0F}.Analysis (Debug)|Mixed Platforms.Build.0 = Debug|Any CPU
		{10A59032-4874-46AC-8DBE-47BEC13DFB0F}.Analysis (Debug)|x86.ActiveCfg = Debug|Any CPU
		{10A59032-4874-46AC-8DBE-47BEC13DFB0F}.Contracts (Debug)|Any CPU.ActiveCfg = Debug|Any CPU
		{10A59032-4874-46AC-8DBE-47BEC13DFB0F}.Contracts (Debug)|Any CPU.Build.0 = Debug|Any CPU
		{10A59032-4874-46AC-8DBE-47BEC13DFB0F}.Contracts (Debug)|Mixed Platforms.ActiveCfg = Debug|Any CPU
		{10A59032-4874-46AC-8DBE-47BEC13DFB0F}.Contracts (Debug)|Mixed Platforms.Build.0 = Debug|Any CPU
		{10A59032-4874-46AC-8DBE-47BEC13DFB0F}.Contracts (Debug)|x86.ActiveCfg = Debug|Any CPU
		{10A59032-4874-46AC-8DBE-47BEC13DFB0F}.Debug|Any CPU.ActiveCfg = Debug|Any CPU
		{10A59032-4874-46AC-8DBE-47BEC13DFB0F}.Debug|Any CPU.Build.0 = Debug|Any CPU
		{10A59032-4874-46AC-8DBE-47BEC13DFB0F}.Debug|Mixed Platforms.ActiveCfg = Debug|Any CPU
		{10A59032-4874-46AC-8DBE-47BEC13DFB0F}.Debug|Mixed Platforms.Build.0 = Debug|Any CPU
		{10A59032-4874-46AC-8DBE-47BEC13DFB0F}.Debug|x86.ActiveCfg = Debug|Any CPU
		{10A59032-4874-46AC-8DBE-47BEC13DFB0F}.Release|Any CPU.ActiveCfg = Release|Any CPU
		{10A59032-4874-46AC-8DBE-47BEC13DFB0F}.Release|Any CPU.Build.0 = Release|Any CPU
		{10A59032-4874-46AC-8DBE-47BEC13DFB0F}.Release|Mixed Platforms.ActiveCfg = Release|Any CPU
		{10A59032-4874-46AC-8DBE-47BEC13DFB0F}.Release|Mixed Platforms.Build.0 = Release|Any CPU
		{10A59032-4874-46AC-8DBE-47BEC13DFB0F}.Release|x86.ActiveCfg = Release|Any CPU
		{2F2DB109-DBB0-495E-AEF6-C14033B89DA5}.Analysis (Debug)|Any CPU.ActiveCfg = Debug|Any CPU
		{2F2DB109-DBB0-495E-AEF6-C14033B89DA5}.Analysis (Debug)|Any CPU.Build.0 = Debug|Any CPU
		{2F2DB109-DBB0-495E-AEF6-C14033B89DA5}.Analysis (Debug)|Mixed Platforms.ActiveCfg = Debug|Any CPU
		{2F2DB109-DBB0-495E-AEF6-C14033B89DA5}.Analysis (Debug)|Mixed Platforms.Build.0 = Debug|Any CPU
		{2F2DB109-DBB0-495E-AEF6-C14033B89DA5}.Analysis (Debug)|x86.ActiveCfg = Debug|Any CPU
		{2F2DB109-DBB0-495E-AEF6-C14033B89DA5}.Contracts (Debug)|Any CPU.ActiveCfg = Debug|Any CPU
		{2F2DB109-DBB0-495E-AEF6-C14033B89DA5}.Contracts (Debug)|Any CPU.Build.0 = Debug|Any CPU
		{2F2DB109-DBB0-495E-AEF6-C14033B89DA5}.Contracts (Debug)|Mixed Platforms.ActiveCfg = Debug|Any CPU
		{2F2DB109-DBB0-495E-AEF6-C14033B89DA5}.Contracts (Debug)|Mixed Platforms.Build.0 = Debug|Any CPU
		{2F2DB109-DBB0-495E-AEF6-C14033B89DA5}.Contracts (Debug)|x86.ActiveCfg = Debug|Any CPU
		{2F2DB109-DBB0-495E-AEF6-C14033B89DA5}.Debug|Any CPU.ActiveCfg = Debug|Any CPU
		{2F2DB109-DBB0-495E-AEF6-C14033B89DA5}.Debug|Any CPU.Build.0 = Debug|Any CPU
		{2F2DB109-DBB0-495E-AEF6-C14033B89DA5}.Debug|Mixed Platforms.ActiveCfg = Debug|Any CPU
		{2F2DB109-DBB0-495E-AEF6-C14033B89DA5}.Debug|Mixed Platforms.Build.0 = Debug|Any CPU
		{2F2DB109-DBB0-495E-AEF6-C14033B89DA5}.Debug|x86.ActiveCfg = Debug|Any CPU
		{2F2DB109-DBB0-495E-AEF6-C14033B89DA5}.Release|Any CPU.ActiveCfg = Release|Any CPU
		{2F2DB109-DBB0-495E-AEF6-C14033B89DA5}.Release|Any CPU.Build.0 = Release|Any CPU
		{2F2DB109-DBB0-495E-AEF6-C14033B89DA5}.Release|Mixed Platforms.ActiveCfg = Release|Any CPU
		{2F2DB109-DBB0-495E-AEF6-C14033B89DA5}.Release|Mixed Platforms.Build.0 = Release|Any CPU
		{2F2DB109-DBB0-495E-AEF6-C14033B89DA5}.Release|x86.ActiveCfg = Release|Any CPU
		{12AD03F6-C97D-4D53-9CD2-7C665936CD93}.Analysis (Debug)|Any CPU.ActiveCfg = Debug|Any CPU
		{12AD03F6-C97D-4D53-9CD2-7C665936CD93}.Analysis (Debug)|Any CPU.Build.0 = Debug|Any CPU
		{12AD03F6-C97D-4D53-9CD2-7C665936CD93}.Analysis (Debug)|Mixed Platforms.ActiveCfg = Debug|Any CPU
		{12AD03F6-C97D-4D53-9CD2-7C665936CD93}.Analysis (Debug)|Mixed Platforms.Build.0 = Debug|Any CPU
		{12AD03F6-C97D-4D53-9CD2-7C665936CD93}.Analysis (Debug)|x86.ActiveCfg = Debug|Any CPU
		{12AD03F6-C97D-4D53-9CD2-7C665936CD93}.Contracts (Debug)|Any CPU.ActiveCfg = Debug|Any CPU
		{12AD03F6-C97D-4D53-9CD2-7C665936CD93}.Contracts (Debug)|Any CPU.Build.0 = Debug|Any CPU
		{12AD03F6-C97D-4D53-9CD2-7C665936CD93}.Contracts (Debug)|Mixed Platforms.ActiveCfg = Debug|Any CPU
		{12AD03F6-C97D-4D53-9CD2-7C665936CD93}.Contracts (Debug)|Mixed Platforms.Build.0 = Debug|Any CPU
		{12AD03F6-C97D-4D53-9CD2-7C665936CD93}.Contracts (Debug)|x86.ActiveCfg = Debug|Any CPU
		{12AD03F6-C97D-4D53-9CD2-7C665936CD93}.Debug|Any CPU.ActiveCfg = Debug|Any CPU
		{12AD03F6-C97D-4D53-9CD2-7C665936CD93}.Debug|Any CPU.Build.0 = Debug|Any CPU
		{12AD03F6-C97D-4D53-9CD2-7C665936CD93}.Debug|Mixed Platforms.ActiveCfg = Debug|Any CPU
		{12AD03F6-C97D-4D53-9CD2-7C665936CD93}.Debug|Mixed Platforms.Build.0 = Debug|Any CPU
		{12AD03F6-C97D-4D53-9CD2-7C665936CD93}.Debug|x86.ActiveCfg = Debug|Any CPU
		{12AD03F6-C97D-4D53-9CD2-7C665936CD93}.Release|Any CPU.ActiveCfg = Release|Any CPU
		{12AD03F6-C97D-4D53-9CD2-7C665936CD93}.Release|Any CPU.Build.0 = Release|Any CPU
		{12AD03F6-C97D-4D53-9CD2-7C665936CD93}.Release|Mixed Platforms.ActiveCfg = Release|Any CPU
		{12AD03F6-C97D-4D53-9CD2-7C665936CD93}.Release|Mixed Platforms.Build.0 = Release|Any CPU
		{12AD03F6-C97D-4D53-9CD2-7C665936CD93}.Release|x86.ActiveCfg = Release|Any CPU
		{9FC44494-DB00-4183-AB1C-5C22FF316803}.Analysis (Debug)|Any CPU.ActiveCfg = Debug|Any CPU
		{9FC44494-DB00-4183-AB1C-5C22FF316803}.Analysis (Debug)|Any CPU.Build.0 = Debug|Any CPU
		{9FC44494-DB00-4183-AB1C-5C22FF316803}.Analysis (Debug)|Mixed Platforms.ActiveCfg = Debug|Any CPU
		{9FC44494-DB00-4183-AB1C-5C22FF316803}.Analysis (Debug)|Mixed Platforms.Build.0 = Debug|Any CPU
		{9FC44494-DB00-4183-AB1C-5C22FF316803}.Analysis (Debug)|x86.ActiveCfg = Debug|Any CPU
		{9FC44494-DB00-4183-AB1C-5C22FF316803}.Contracts (Debug)|Any CPU.ActiveCfg = Debug|Any CPU
		{9FC44494-DB00-4183-AB1C-5C22FF316803}.Contracts (Debug)|Any CPU.Build.0 = Debug|Any CPU
		{9FC44494-DB00-4183-AB1C-5C22FF316803}.Contracts (Debug)|Mixed Platforms.ActiveCfg = Debug|Any CPU
		{9FC44494-DB00-4183-AB1C-5C22FF316803}.Contracts (Debug)|Mixed Platforms.Build.0 = Debug|Any CPU
		{9FC44494-DB00-4183-AB1C-5C22FF316803}.Contracts (Debug)|x86.ActiveCfg = Debug|Any CPU
		{9FC44494-DB00-4183-AB1C-5C22FF316803}.Debug|Any CPU.ActiveCfg = Debug|Any CPU
		{9FC44494-DB00-4183-AB1C-5C22FF316803}.Debug|Any CPU.Build.0 = Debug|Any CPU
		{9FC44494-DB00-4183-AB1C-5C22FF316803}.Debug|Mixed Platforms.ActiveCfg = Debug|Any CPU
		{9FC44494-DB00-4183-AB1C-5C22FF316803}.Debug|Mixed Platforms.Build.0 = Debug|Any CPU
		{9FC44494-DB00-4183-AB1C-5C22FF316803}.Debug|x86.ActiveCfg = Debug|Any CPU
		{9FC44494-DB00-4183-AB1C-5C22FF316803}.Release|Any CPU.ActiveCfg = Release|Any CPU
		{9FC44494-DB00-4183-AB1C-5C22FF316803}.Release|Any CPU.Build.0 = Release|Any CPU
		{9FC44494-DB00-4183-AB1C-5C22FF316803}.Release|Mixed Platforms.ActiveCfg = Release|Any CPU
		{9FC44494-DB00-4183-AB1C-5C22FF316803}.Release|Mixed Platforms.Build.0 = Release|Any CPU
		{9FC44494-DB00-4183-AB1C-5C22FF316803}.Release|x86.ActiveCfg = Release|Any CPU
		{A6FA3DF7-B688-4EE5-897E-F0E86EB530B7}.Analysis (Debug)|Any CPU.ActiveCfg = Debug|Any CPU
		{A6FA3DF7-B688-4EE5-897E-F0E86EB530B7}.Analysis (Debug)|Any CPU.Build.0 = Debug|Any CPU
		{A6FA3DF7-B688-4EE5-897E-F0E86EB530B7}.Analysis (Debug)|Mixed Platforms.ActiveCfg = Debug|Any CPU
		{A6FA3DF7-B688-4EE5-897E-F0E86EB530B7}.Analysis (Debug)|Mixed Platforms.Build.0 = Debug|Any CPU
		{A6FA3DF7-B688-4EE5-897E-F0E86EB530B7}.Analysis (Debug)|x86.ActiveCfg = Debug|Any CPU
		{A6FA3DF7-B688-4EE5-897E-F0E86EB530B7}.Contracts (Debug)|Any CPU.ActiveCfg = Debug|Any CPU
		{A6FA3DF7-B688-4EE5-897E-F0E86EB530B7}.Contracts (Debug)|Any CPU.Build.0 = Debug|Any CPU
		{A6FA3DF7-B688-4EE5-897E-F0E86EB530B7}.Contracts (Debug)|Mixed Platforms.ActiveCfg = Debug|Any CPU
		{A6FA3DF7-B688-4EE5-897E-F0E86EB530B7}.Contracts (Debug)|Mixed Platforms.Build.0 = Debug|Any CPU
		{A6FA3DF7-B688-4EE5-897E-F0E86EB530B7}.Contracts (Debug)|x86.ActiveCfg = Debug|Any CPU
		{A6FA3DF7-B688-4EE5-897E-F0E86EB530B7}.Debug|Any CPU.ActiveCfg = Debug|Any CPU
		{A6FA3DF7-B688-4EE5-897E-F0E86EB530B7}.Debug|Any CPU.Build.0 = Debug|Any CPU
		{A6FA3DF7-B688-4EE5-897E-F0E86EB530B7}.Debug|Mixed Platforms.ActiveCfg = Debug|Any CPU
		{A6FA3DF7-B688-4EE5-897E-F0E86EB530B7}.Debug|Mixed Platforms.Build.0 = Debug|Any CPU
		{A6FA3DF7-B688-4EE5-897E-F0E86EB530B7}.Debug|x86.ActiveCfg = Debug|Any CPU
		{A6FA3DF7-B688-4EE5-897E-F0E86EB530B7}.Release|Any CPU.ActiveCfg = Release|Any CPU
		{A6FA3DF7-B688-4EE5-897E-F0E86EB530B7}.Release|Any CPU.Build.0 = Release|Any CPU
		{A6FA3DF7-B688-4EE5-897E-F0E86EB530B7}.Release|Mixed Platforms.ActiveCfg = Release|Any CPU
		{A6FA3DF7-B688-4EE5-897E-F0E86EB530B7}.Release|Mixed Platforms.Build.0 = Release|Any CPU
		{A6FA3DF7-B688-4EE5-897E-F0E86EB530B7}.Release|x86.ActiveCfg = Release|Any CPU
		{584EF101-DF02-4C0F-88A9-18EADE7F9C01}.Analysis (Debug)|Any CPU.ActiveCfg = Debug|Any CPU
		{584EF101-DF02-4C0F-88A9-18EADE7F9C01}.Analysis (Debug)|Any CPU.Build.0 = Debug|Any CPU
		{584EF101-DF02-4C0F-88A9-18EADE7F9C01}.Analysis (Debug)|Mixed Platforms.ActiveCfg = Debug|Any CPU
		{584EF101-DF02-4C0F-88A9-18EADE7F9C01}.Analysis (Debug)|Mixed Platforms.Build.0 = Debug|Any CPU
		{584EF101-DF02-4C0F-88A9-18EADE7F9C01}.Analysis (Debug)|x86.ActiveCfg = Debug|Any CPU
		{584EF101-DF02-4C0F-88A9-18EADE7F9C01}.Contracts (Debug)|Any CPU.ActiveCfg = Debug|Any CPU
		{584EF101-DF02-4C0F-88A9-18EADE7F9C01}.Contracts (Debug)|Any CPU.Build.0 = Debug|Any CPU
		{584EF101-DF02-4C0F-88A9-18EADE7F9C01}.Contracts (Debug)|Mixed Platforms.ActiveCfg = Debug|Any CPU
		{584EF101-DF02-4C0F-88A9-18EADE7F9C01}.Contracts (Debug)|Mixed Platforms.Build.0 = Debug|Any CPU
		{584EF101-DF02-4C0F-88A9-18EADE7F9C01}.Contracts (Debug)|x86.ActiveCfg = Debug|Any CPU
		{584EF101-DF02-4C0F-88A9-18EADE7F9C01}.Debug|Any CPU.ActiveCfg = Debug|Any CPU
		{584EF101-DF02-4C0F-88A9-18EADE7F9C01}.Debug|Any CPU.Build.0 = Debug|Any CPU
		{584EF101-DF02-4C0F-88A9-18EADE7F9C01}.Debug|Mixed Platforms.ActiveCfg = Debug|Any CPU
		{584EF101-DF02-4C0F-88A9-18EADE7F9C01}.Debug|Mixed Platforms.Build.0 = Debug|Any CPU
		{584EF101-DF02-4C0F-88A9-18EADE7F9C01}.Debug|x86.ActiveCfg = Debug|Any CPU
		{584EF101-DF02-4C0F-88A9-18EADE7F9C01}.Release|Any CPU.ActiveCfg = Release|Any CPU
		{584EF101-DF02-4C0F-88A9-18EADE7F9C01}.Release|Any CPU.Build.0 = Release|Any CPU
		{584EF101-DF02-4C0F-88A9-18EADE7F9C01}.Release|Mixed Platforms.ActiveCfg = Release|Any CPU
		{584EF101-DF02-4C0F-88A9-18EADE7F9C01}.Release|Mixed Platforms.Build.0 = Release|Any CPU
		{584EF101-DF02-4C0F-88A9-18EADE7F9C01}.Release|x86.ActiveCfg = Release|Any CPU
		{67E93508-06A0-4695-B63B-ED68A30C9157}.Analysis (Debug)|Any CPU.ActiveCfg = Debug|Any CPU
		{67E93508-06A0-4695-B63B-ED68A30C9157}.Analysis (Debug)|Any CPU.Build.0 = Debug|Any CPU
		{67E93508-06A0-4695-B63B-ED68A30C9157}.Analysis (Debug)|Mixed Platforms.ActiveCfg = Debug|Any CPU
		{67E93508-06A0-4695-B63B-ED68A30C9157}.Analysis (Debug)|Mixed Platforms.Build.0 = Debug|Any CPU
		{67E93508-06A0-4695-B63B-ED68A30C9157}.Analysis (Debug)|x86.ActiveCfg = Debug|Any CPU
		{67E93508-06A0-4695-B63B-ED68A30C9157}.Contracts (Debug)|Any CPU.ActiveCfg = Debug|Any CPU
		{67E93508-06A0-4695-B63B-ED68A30C9157}.Contracts (Debug)|Any CPU.Build.0 = Debug|Any CPU
		{67E93508-06A0-4695-B63B-ED68A30C9157}.Contracts (Debug)|Mixed Platforms.ActiveCfg = Debug|Any CPU
		{67E93508-06A0-4695-B63B-ED68A30C9157}.Contracts (Debug)|Mixed Platforms.Build.0 = Debug|Any CPU
		{67E93508-06A0-4695-B63B-ED68A30C9157}.Contracts (Debug)|x86.ActiveCfg = Debug|Any CPU
		{67E93508-06A0-4695-B63B-ED68A30C9157}.Debug|Any CPU.ActiveCfg = Debug|Any CPU
		{67E93508-06A0-4695-B63B-ED68A30C9157}.Debug|Any CPU.Build.0 = Debug|Any CPU
		{67E93508-06A0-4695-B63B-ED68A30C9157}.Debug|Mixed Platforms.ActiveCfg = Debug|Any CPU
		{67E93508-06A0-4695-B63B-ED68A30C9157}.Debug|Mixed Platforms.Build.0 = Debug|Any CPU
		{67E93508-06A0-4695-B63B-ED68A30C9157}.Debug|x86.ActiveCfg = Debug|Any CPU
		{67E93508-06A0-4695-B63B-ED68A30C9157}.Release|Any CPU.ActiveCfg = Release|Any CPU
		{67E93508-06A0-4695-B63B-ED68A30C9157}.Release|Any CPU.Build.0 = Release|Any CPU
		{67E93508-06A0-4695-B63B-ED68A30C9157}.Release|Mixed Platforms.ActiveCfg = Release|Any CPU
		{67E93508-06A0-4695-B63B-ED68A30C9157}.Release|Mixed Platforms.Build.0 = Release|Any CPU
		{67E93508-06A0-4695-B63B-ED68A30C9157}.Release|x86.ActiveCfg = Release|Any CPU
		{47A57495-C40A-46F4-A95E-4F0FA9FB997E}.Analysis (Debug)|Any CPU.ActiveCfg = Debug|Any CPU
		{47A57495-C40A-46F4-A95E-4F0FA9FB997E}.Analysis (Debug)|Any CPU.Build.0 = Debug|Any CPU
		{47A57495-C40A-46F4-A95E-4F0FA9FB997E}.Analysis (Debug)|Mixed Platforms.ActiveCfg = Debug|Any CPU
		{47A57495-C40A-46F4-A95E-4F0FA9FB997E}.Analysis (Debug)|Mixed Platforms.Build.0 = Debug|Any CPU
		{47A57495-C40A-46F4-A95E-4F0FA9FB997E}.Analysis (Debug)|x86.ActiveCfg = Debug|Any CPU
		{47A57495-C40A-46F4-A95E-4F0FA9FB997E}.Contracts (Debug)|Any CPU.ActiveCfg = Debug|Any CPU
		{47A57495-C40A-46F4-A95E-4F0FA9FB997E}.Contracts (Debug)|Any CPU.Build.0 = Debug|Any CPU
		{47A57495-C40A-46F4-A95E-4F0FA9FB997E}.Contracts (Debug)|Mixed Platforms.ActiveCfg = Debug|Any CPU
		{47A57495-C40A-46F4-A95E-4F0FA9FB997E}.Contracts (Debug)|Mixed Platforms.Build.0 = Debug|Any CPU
		{47A57495-C40A-46F4-A95E-4F0FA9FB997E}.Contracts (Debug)|x86.ActiveCfg = Debug|Any CPU
		{47A57495-C40A-46F4-A95E-4F0FA9FB997E}.Debug|Any CPU.ActiveCfg = Debug|Any CPU
		{47A57495-C40A-46F4-A95E-4F0FA9FB997E}.Debug|Any CPU.Build.0 = Debug|Any CPU
		{47A57495-C40A-46F4-A95E-4F0FA9FB997E}.Debug|Mixed Platforms.ActiveCfg = Debug|Any CPU
		{47A57495-C40A-46F4-A95E-4F0FA9FB997E}.Debug|Mixed Platforms.Build.0 = Debug|Any CPU
		{47A57495-C40A-46F4-A95E-4F0FA9FB997E}.Debug|x86.ActiveCfg = Debug|Any CPU
		{47A57495-C40A-46F4-A95E-4F0FA9FB997E}.Release|Any CPU.ActiveCfg = Release|Any CPU
		{47A57495-C40A-46F4-A95E-4F0FA9FB997E}.Release|Any CPU.Build.0 = Release|Any CPU
		{47A57495-C40A-46F4-A95E-4F0FA9FB997E}.Release|Mixed Platforms.ActiveCfg = Release|Any CPU
		{47A57495-C40A-46F4-A95E-4F0FA9FB997E}.Release|Mixed Platforms.Build.0 = Release|Any CPU
		{47A57495-C40A-46F4-A95E-4F0FA9FB997E}.Release|x86.ActiveCfg = Release|Any CPU
		{053691C8-A3D4-4CA0-B242-27F1E7FA4AF0}.Analysis (Debug)|Any CPU.ActiveCfg = Debug|Any CPU
		{053691C8-A3D4-4CA0-B242-27F1E7FA4AF0}.Analysis (Debug)|Any CPU.Build.0 = Debug|Any CPU
		{053691C8-A3D4-4CA0-B242-27F1E7FA4AF0}.Analysis (Debug)|Mixed Platforms.ActiveCfg = Debug|Any CPU
		{053691C8-A3D4-4CA0-B242-27F1E7FA4AF0}.Analysis (Debug)|Mixed Platforms.Build.0 = Debug|Any CPU
		{053691C8-A3D4-4CA0-B242-27F1E7FA4AF0}.Analysis (Debug)|x86.ActiveCfg = Debug|Any CPU
		{053691C8-A3D4-4CA0-B242-27F1E7FA4AF0}.Contracts (Debug)|Any CPU.ActiveCfg = Debug|Any CPU
		{053691C8-A3D4-4CA0-B242-27F1E7FA4AF0}.Contracts (Debug)|Any CPU.Build.0 = Debug|Any CPU
		{053691C8-A3D4-4CA0-B242-27F1E7FA4AF0}.Contracts (Debug)|Mixed Platforms.ActiveCfg = Debug|Any CPU
		{053691C8-A3D4-4CA0-B242-27F1E7FA4AF0}.Contracts (Debug)|Mixed Platforms.Build.0 = Debug|Any CPU
		{053691C8-A3D4-4CA0-B242-27F1E7FA4AF0}.Contracts (Debug)|x86.ActiveCfg = Debug|Any CPU
		{053691C8-A3D4-4CA0-B242-27F1E7FA4AF0}.Debug|Any CPU.ActiveCfg = Debug|Any CPU
		{053691C8-A3D4-4CA0-B242-27F1E7FA4AF0}.Debug|Any CPU.Build.0 = Debug|Any CPU
		{053691C8-A3D4-4CA0-B242-27F1E7FA4AF0}.Debug|Mixed Platforms.ActiveCfg = Debug|Any CPU
		{053691C8-A3D4-4CA0-B242-27F1E7FA4AF0}.Debug|Mixed Platforms.Build.0 = Debug|Any CPU
		{053691C8-A3D4-4CA0-B242-27F1E7FA4AF0}.Debug|x86.ActiveCfg = Debug|Any CPU
		{053691C8-A3D4-4CA0-B242-27F1E7FA4AF0}.Release|Any CPU.ActiveCfg = Release|Any CPU
		{053691C8-A3D4-4CA0-B242-27F1E7FA4AF0}.Release|Any CPU.Build.0 = Release|Any CPU
		{053691C8-A3D4-4CA0-B242-27F1E7FA4AF0}.Release|Mixed Platforms.ActiveCfg = Release|Any CPU
		{053691C8-A3D4-4CA0-B242-27F1E7FA4AF0}.Release|Mixed Platforms.Build.0 = Release|Any CPU
		{053691C8-A3D4-4CA0-B242-27F1E7FA4AF0}.Release|x86.ActiveCfg = Release|Any CPU
		{90CD5B4D-E073-40B1-A3BC-CFEB4878548C}.Analysis (Debug)|Any CPU.ActiveCfg = Debug|Any CPU
		{90CD5B4D-E073-40B1-A3BC-CFEB4878548C}.Analysis (Debug)|Any CPU.Build.0 = Debug|Any CPU
		{90CD5B4D-E073-40B1-A3BC-CFEB4878548C}.Analysis (Debug)|Mixed Platforms.ActiveCfg = Debug|Any CPU
		{90CD5B4D-E073-40B1-A3BC-CFEB4878548C}.Analysis (Debug)|Mixed Platforms.Build.0 = Debug|Any CPU
		{90CD5B4D-E073-40B1-A3BC-CFEB4878548C}.Analysis (Debug)|x86.ActiveCfg = Debug|Any CPU
		{90CD5B4D-E073-40B1-A3BC-CFEB4878548C}.Contracts (Debug)|Any CPU.ActiveCfg = Debug|Any CPU
		{90CD5B4D-E073-40B1-A3BC-CFEB4878548C}.Contracts (Debug)|Any CPU.Build.0 = Debug|Any CPU
		{90CD5B4D-E073-40B1-A3BC-CFEB4878548C}.Contracts (Debug)|Mixed Platforms.ActiveCfg = Debug|Any CPU
		{90CD5B4D-E073-40B1-A3BC-CFEB4878548C}.Contracts (Debug)|Mixed Platforms.Build.0 = Debug|Any CPU
		{90CD5B4D-E073-40B1-A3BC-CFEB4878548C}.Contracts (Debug)|x86.ActiveCfg = Debug|Any CPU
		{90CD5B4D-E073-40B1-A3BC-CFEB4878548C}.Debug|Any CPU.ActiveCfg = Debug|Any CPU
		{90CD5B4D-E073-40B1-A3BC-CFEB4878548C}.Debug|Any CPU.Build.0 = Debug|Any CPU
		{90CD5B4D-E073-40B1-A3BC-CFEB4878548C}.Debug|Mixed Platforms.ActiveCfg = Debug|Any CPU
		{90CD5B4D-E073-40B1-A3BC-CFEB4878548C}.Debug|Mixed Platforms.Build.0 = Debug|Any CPU
		{90CD5B4D-E073-40B1-A3BC-CFEB4878548C}.Debug|x86.ActiveCfg = Debug|Any CPU
		{90CD5B4D-E073-40B1-A3BC-CFEB4878548C}.Release|Any CPU.ActiveCfg = Release|Any CPU
		{90CD5B4D-E073-40B1-A3BC-CFEB4878548C}.Release|Any CPU.Build.0 = Release|Any CPU
		{90CD5B4D-E073-40B1-A3BC-CFEB4878548C}.Release|Mixed Platforms.ActiveCfg = Release|Any CPU
		{90CD5B4D-E073-40B1-A3BC-CFEB4878548C}.Release|Mixed Platforms.Build.0 = Release|Any CPU
		{90CD5B4D-E073-40B1-A3BC-CFEB4878548C}.Release|x86.ActiveCfg = Release|Any CPU
		{28E8C712-9FD9-4A87-9BB7-9608FFC12C6C}.Analysis (Debug)|Any CPU.ActiveCfg = Debug|Any CPU
		{28E8C712-9FD9-4A87-9BB7-9608FFC12C6C}.Analysis (Debug)|Any CPU.Build.0 = Debug|Any CPU
		{28E8C712-9FD9-4A87-9BB7-9608FFC12C6C}.Analysis (Debug)|Mixed Platforms.ActiveCfg = Debug|Any CPU
		{28E8C712-9FD9-4A87-9BB7-9608FFC12C6C}.Analysis (Debug)|Mixed Platforms.Build.0 = Debug|Any CPU
		{28E8C712-9FD9-4A87-9BB7-9608FFC12C6C}.Analysis (Debug)|x86.ActiveCfg = Debug|Any CPU
		{28E8C712-9FD9-4A87-9BB7-9608FFC12C6C}.Contracts (Debug)|Any CPU.ActiveCfg = Debug|Any CPU
		{28E8C712-9FD9-4A87-9BB7-9608FFC12C6C}.Contracts (Debug)|Any CPU.Build.0 = Debug|Any CPU
		{28E8C712-9FD9-4A87-9BB7-9608FFC12C6C}.Contracts (Debug)|Mixed Platforms.ActiveCfg = Debug|Any CPU
		{28E8C712-9FD9-4A87-9BB7-9608FFC12C6C}.Contracts (Debug)|Mixed Platforms.Build.0 = Debug|Any CPU
		{28E8C712-9FD9-4A87-9BB7-9608FFC12C6C}.Contracts (Debug)|x86.ActiveCfg = Debug|Any CPU
		{28E8C712-9FD9-4A87-9BB7-9608FFC12C6C}.Debug|Any CPU.ActiveCfg = Debug|Any CPU
		{28E8C712-9FD9-4A87-9BB7-9608FFC12C6C}.Debug|Any CPU.Build.0 = Debug|Any CPU
		{28E8C712-9FD9-4A87-9BB7-9608FFC12C6C}.Debug|Mixed Platforms.ActiveCfg = Debug|Any CPU
		{28E8C712-9FD9-4A87-9BB7-9608FFC12C6C}.Debug|Mixed Platforms.Build.0 = Debug|Any CPU
		{28E8C712-9FD9-4A87-9BB7-9608FFC12C6C}.Debug|x86.ActiveCfg = Debug|Any CPU
		{28E8C712-9FD9-4A87-9BB7-9608FFC12C6C}.Release|Any CPU.ActiveCfg = Release|Any CPU
		{28E8C712-9FD9-4A87-9BB7-9608FFC12C6C}.Release|Any CPU.Build.0 = Release|Any CPU
		{28E8C712-9FD9-4A87-9BB7-9608FFC12C6C}.Release|Mixed Platforms.ActiveCfg = Release|Any CPU
		{28E8C712-9FD9-4A87-9BB7-9608FFC12C6C}.Release|Mixed Platforms.Build.0 = Release|Any CPU
		{28E8C712-9FD9-4A87-9BB7-9608FFC12C6C}.Release|x86.ActiveCfg = Release|Any CPU
		{A4372A2E-E797-4594-8211-37C96F4E7CC4}.Analysis (Debug)|Any CPU.ActiveCfg = Debug|x86
		{A4372A2E-E797-4594-8211-37C96F4E7CC4}.Analysis (Debug)|Mixed Platforms.ActiveCfg = Debug|x86
		{A4372A2E-E797-4594-8211-37C96F4E7CC4}.Analysis (Debug)|Mixed Platforms.Build.0 = Debug|x86
		{A4372A2E-E797-4594-8211-37C96F4E7CC4}.Analysis (Debug)|x86.ActiveCfg = Debug|x86
		{A4372A2E-E797-4594-8211-37C96F4E7CC4}.Analysis (Debug)|x86.Build.0 = Debug|x86
		{A4372A2E-E797-4594-8211-37C96F4E7CC4}.Contracts (Debug)|Any CPU.ActiveCfg = Debug|x86
		{A4372A2E-E797-4594-8211-37C96F4E7CC4}.Contracts (Debug)|Mixed Platforms.ActiveCfg = Debug|x86
		{A4372A2E-E797-4594-8211-37C96F4E7CC4}.Contracts (Debug)|Mixed Platforms.Build.0 = Debug|x86
		{A4372A2E-E797-4594-8211-37C96F4E7CC4}.Contracts (Debug)|x86.ActiveCfg = Debug|x86
		{A4372A2E-E797-4594-8211-37C96F4E7CC4}.Contracts (Debug)|x86.Build.0 = Debug|x86
		{A4372A2E-E797-4594-8211-37C96F4E7CC4}.Debug|Any CPU.ActiveCfg = Debug|x86
		{A4372A2E-E797-4594-8211-37C96F4E7CC4}.Debug|Mixed Platforms.ActiveCfg = Debug|x86
		{A4372A2E-E797-4594-8211-37C96F4E7CC4}.Debug|Mixed Platforms.Build.0 = Debug|x86
		{A4372A2E-E797-4594-8211-37C96F4E7CC4}.Debug|x86.ActiveCfg = Debug|x86
		{A4372A2E-E797-4594-8211-37C96F4E7CC4}.Debug|x86.Build.0 = Debug|x86
		{A4372A2E-E797-4594-8211-37C96F4E7CC4}.Release|Any CPU.ActiveCfg = Release|x86
		{A4372A2E-E797-4594-8211-37C96F4E7CC4}.Release|Mixed Platforms.ActiveCfg = Release|x86
		{A4372A2E-E797-4594-8211-37C96F4E7CC4}.Release|Mixed Platforms.Build.0 = Release|x86
		{A4372A2E-E797-4594-8211-37C96F4E7CC4}.Release|x86.ActiveCfg = Release|x86
		{A4372A2E-E797-4594-8211-37C96F4E7CC4}.Release|x86.Build.0 = Release|x86
		{3EDC2D04-1B59-4841-B924-05AA365B1378}.Analysis (Debug)|Any CPU.ActiveCfg = Debug|x86
		{3EDC2D04-1B59-4841-B924-05AA365B1378}.Analysis (Debug)|Mixed Platforms.ActiveCfg = Debug|x86
		{3EDC2D04-1B59-4841-B924-05AA365B1378}.Analysis (Debug)|Mixed Platforms.Build.0 = Debug|x86
		{3EDC2D04-1B59-4841-B924-05AA365B1378}.Analysis (Debug)|x86.ActiveCfg = Debug|x86
		{3EDC2D04-1B59-4841-B924-05AA365B1378}.Analysis (Debug)|x86.Build.0 = Debug|x86
		{3EDC2D04-1B59-4841-B924-05AA365B1378}.Contracts (Debug)|Any CPU.ActiveCfg = Debug|x86
		{3EDC2D04-1B59-4841-B924-05AA365B1378}.Contracts (Debug)|Mixed Platforms.ActiveCfg = Debug|x86
		{3EDC2D04-1B59-4841-B924-05AA365B1378}.Contracts (Debug)|Mixed Platforms.Build.0 = Debug|x86
		{3EDC2D04-1B59-4841-B924-05AA365B1378}.Contracts (Debug)|x86.ActiveCfg = Debug|x86
		{3EDC2D04-1B59-4841-B924-05AA365B1378}.Contracts (Debug)|x86.Build.0 = Debug|x86
		{3EDC2D04-1B59-4841-B924-05AA365B1378}.Debug|Any CPU.ActiveCfg = Debug|x86
		{3EDC2D04-1B59-4841-B924-05AA365B1378}.Debug|Mixed Platforms.ActiveCfg = Debug|x86
		{3EDC2D04-1B59-4841-B924-05AA365B1378}.Debug|Mixed Platforms.Build.0 = Debug|x86
		{3EDC2D04-1B59-4841-B924-05AA365B1378}.Debug|x86.ActiveCfg = Debug|x86
		{3EDC2D04-1B59-4841-B924-05AA365B1378}.Debug|x86.Build.0 = Debug|x86
		{3EDC2D04-1B59-4841-B924-05AA365B1378}.Release|Any CPU.ActiveCfg = Release|x86
		{3EDC2D04-1B59-4841-B924-05AA365B1378}.Release|Mixed Platforms.ActiveCfg = Release|x86
		{3EDC2D04-1B59-4841-B924-05AA365B1378}.Release|Mixed Platforms.Build.0 = Release|x86
		{3EDC2D04-1B59-4841-B924-05AA365B1378}.Release|x86.ActiveCfg = Release|x86
		{3EDC2D04-1B59-4841-B924-05AA365B1378}.Release|x86.Build.0 = Release|x86
		{4F3231A4-4F3E-4E05-9AD8-FA674BF9562E}.Analysis (Debug)|Any CPU.ActiveCfg = Debug|x86
		{4F3231A4-4F3E-4E05-9AD8-FA674BF9562E}.Analysis (Debug)|Mixed Platforms.ActiveCfg = Debug|x86
		{4F3231A4-4F3E-4E05-9AD8-FA674BF9562E}.Analysis (Debug)|Mixed Platforms.Build.0 = Debug|x86
		{4F3231A4-4F3E-4E05-9AD8-FA674BF9562E}.Analysis (Debug)|x86.ActiveCfg = Debug|x86
		{4F3231A4-4F3E-4E05-9AD8-FA674BF9562E}.Analysis (Debug)|x86.Build.0 = Debug|x86
		{4F3231A4-4F3E-4E05-9AD8-FA674BF9562E}.Contracts (Debug)|Any CPU.ActiveCfg = Debug|x86
		{4F3231A4-4F3E-4E05-9AD8-FA674BF9562E}.Contracts (Debug)|Mixed Platforms.ActiveCfg = Debug|x86
		{4F3231A4-4F3E-4E05-9AD8-FA674BF9562E}.Contracts (Debug)|Mixed Platforms.Build.0 = Debug|x86
		{4F3231A4-4F3E-4E05-9AD8-FA674BF9562E}.Contracts (Debug)|x86.ActiveCfg = Debug|x86
		{4F3231A4-4F3E-4E05-9AD8-FA674BF9562E}.Contracts (Debug)|x86.Build.0 = Debug|x86
		{4F3231A4-4F3E-4E05-9AD8-FA674BF9562E}.Debug|Any CPU.ActiveCfg = Debug|x86
		{4F3231A4-4F3E-4E05-9AD8-FA674BF9562E}.Debug|Mixed Platforms.ActiveCfg = Debug|x86
		{4F3231A4-4F3E-4E05-9AD8-FA674BF9562E}.Debug|Mixed Platforms.Build.0 = Debug|x86
		{4F3231A4-4F3E-4E05-9AD8-FA674BF9562E}.Debug|x86.ActiveCfg = Debug|x86
		{4F3231A4-4F3E-4E05-9AD8-FA674BF9562E}.Debug|x86.Build.0 = Debug|x86
		{4F3231A4-4F3E-4E05-9AD8-FA674BF9562E}.Release|Any CPU.ActiveCfg = Release|x86
		{4F3231A4-4F3E-4E05-9AD8-FA674BF9562E}.Release|Mixed Platforms.ActiveCfg = Release|x86
		{4F3231A4-4F3E-4E05-9AD8-FA674BF9562E}.Release|Mixed Platforms.Build.0 = Release|x86
		{4F3231A4-4F3E-4E05-9AD8-FA674BF9562E}.Release|x86.ActiveCfg = Release|x86
		{4F3231A4-4F3E-4E05-9AD8-FA674BF9562E}.Release|x86.Build.0 = Release|x86
		{B7444036-F81E-4BD3-8977-44FE9BD2369F}.Analysis (Debug)|Any CPU.ActiveCfg = Debug|x86
		{B7444036-F81E-4BD3-8977-44FE9BD2369F}.Analysis (Debug)|Mixed Platforms.ActiveCfg = Debug|x86
		{B7444036-F81E-4BD3-8977-44FE9BD2369F}.Analysis (Debug)|Mixed Platforms.Build.0 = Debug|x86
		{B7444036-F81E-4BD3-8977-44FE9BD2369F}.Analysis (Debug)|x86.ActiveCfg = Debug|x86
		{B7444036-F81E-4BD3-8977-44FE9BD2369F}.Analysis (Debug)|x86.Build.0 = Debug|x86
		{B7444036-F81E-4BD3-8977-44FE9BD2369F}.Contracts (Debug)|Any CPU.ActiveCfg = Debug|x86
		{B7444036-F81E-4BD3-8977-44FE9BD2369F}.Contracts (Debug)|Mixed Platforms.ActiveCfg = Debug|x86
		{B7444036-F81E-4BD3-8977-44FE9BD2369F}.Contracts (Debug)|Mixed Platforms.Build.0 = Debug|x86
		{B7444036-F81E-4BD3-8977-44FE9BD2369F}.Contracts (Debug)|x86.ActiveCfg = Debug|x86
		{B7444036-F81E-4BD3-8977-44FE9BD2369F}.Contracts (Debug)|x86.Build.0 = Debug|x86
		{B7444036-F81E-4BD3-8977-44FE9BD2369F}.Debug|Any CPU.ActiveCfg = Debug|x86
		{B7444036-F81E-4BD3-8977-44FE9BD2369F}.Debug|Mixed Platforms.ActiveCfg = Debug|x86
		{B7444036-F81E-4BD3-8977-44FE9BD2369F}.Debug|Mixed Platforms.Build.0 = Debug|x86
		{B7444036-F81E-4BD3-8977-44FE9BD2369F}.Debug|x86.ActiveCfg = Debug|x86
		{B7444036-F81E-4BD3-8977-44FE9BD2369F}.Debug|x86.Build.0 = Debug|x86
		{B7444036-F81E-4BD3-8977-44FE9BD2369F}.Release|Any CPU.ActiveCfg = Release|x86
		{B7444036-F81E-4BD3-8977-44FE9BD2369F}.Release|Mixed Platforms.ActiveCfg = Release|x86
		{B7444036-F81E-4BD3-8977-44FE9BD2369F}.Release|Mixed Platforms.Build.0 = Release|x86
		{B7444036-F81E-4BD3-8977-44FE9BD2369F}.Release|x86.ActiveCfg = Release|x86
		{B7444036-F81E-4BD3-8977-44FE9BD2369F}.Release|x86.Build.0 = Release|x86
		{F176B588-79ED-4A59-BF4F-D424387F80A5}.Analysis (Debug)|Any CPU.ActiveCfg = Debug|Any CPU
		{F176B588-79ED-4A59-BF4F-D424387F80A5}.Analysis (Debug)|Any CPU.Build.0 = Debug|Any CPU
		{F176B588-79ED-4A59-BF4F-D424387F80A5}.Analysis (Debug)|Mixed Platforms.ActiveCfg = Debug|Any CPU
		{F176B588-79ED-4A59-BF4F-D424387F80A5}.Analysis (Debug)|Mixed Platforms.Build.0 = Debug|Any CPU
		{F176B588-79ED-4A59-BF4F-D424387F80A5}.Analysis (Debug)|x86.ActiveCfg = Debug|Any CPU
		{F176B588-79ED-4A59-BF4F-D424387F80A5}.Contracts (Debug)|Any CPU.ActiveCfg = Debug|Any CPU
		{F176B588-79ED-4A59-BF4F-D424387F80A5}.Contracts (Debug)|Any CPU.Build.0 = Debug|Any CPU
		{F176B588-79ED-4A59-BF4F-D424387F80A5}.Contracts (Debug)|Mixed Platforms.ActiveCfg = Debug|Any CPU
		{F176B588-79ED-4A59-BF4F-D424387F80A5}.Contracts (Debug)|Mixed Platforms.Build.0 = Debug|Any CPU
		{F176B588-79ED-4A59-BF4F-D424387F80A5}.Contracts (Debug)|x86.ActiveCfg = Debug|Any CPU
		{F176B588-79ED-4A59-BF4F-D424387F80A5}.Debug|Any CPU.ActiveCfg = Debug|Any CPU
		{F176B588-79ED-4A59-BF4F-D424387F80A5}.Debug|Any CPU.Build.0 = Debug|Any CPU
		{F176B588-79ED-4A59-BF4F-D424387F80A5}.Debug|Mixed Platforms.ActiveCfg = Debug|Any CPU
		{F176B588-79ED-4A59-BF4F-D424387F80A5}.Debug|Mixed Platforms.Build.0 = Debug|Any CPU
		{F176B588-79ED-4A59-BF4F-D424387F80A5}.Debug|x86.ActiveCfg = Debug|Any CPU
		{F176B588-79ED-4A59-BF4F-D424387F80A5}.Release|Any CPU.ActiveCfg = Release|Any CPU
		{F176B588-79ED-4A59-BF4F-D424387F80A5}.Release|Any CPU.Build.0 = Release|Any CPU
		{F176B588-79ED-4A59-BF4F-D424387F80A5}.Release|Mixed Platforms.ActiveCfg = Release|Any CPU
		{F176B588-79ED-4A59-BF4F-D424387F80A5}.Release|Mixed Platforms.Build.0 = Release|Any CPU
		{F176B588-79ED-4A59-BF4F-D424387F80A5}.Release|x86.ActiveCfg = Release|Any CPU
	EndGlobalSection
	GlobalSection(SolutionProperties) = preSolution
		HideSolutionNode = FALSE
	EndGlobalSection
	GlobalSection(NestedProjects) = preSolution
		{0E1ED54E-B988-4711-AC77-C6392121FF1C} = {AD6A872A-CCD5-4EBD-8E00-BB44C93C5C3E}
		{D3DC66DB-D692-465D-8BDA-43A6AB61FE11} = {AD6A872A-CCD5-4EBD-8E00-BB44C93C5C3E}
		{10A59032-4874-46AC-8DBE-47BEC13DFB0F} = {AD6A872A-CCD5-4EBD-8E00-BB44C93C5C3E}
		{2F2DB109-DBB0-495E-AEF6-C14033B89DA5} = {AD6A872A-CCD5-4EBD-8E00-BB44C93C5C3E}
		{12AD03F6-C97D-4D53-9CD2-7C665936CD93} = {AD6A872A-CCD5-4EBD-8E00-BB44C93C5C3E}
		{9FC44494-DB00-4183-AB1C-5C22FF316803} = {AD6A872A-CCD5-4EBD-8E00-BB44C93C5C3E}
		{A6FA3DF7-B688-4EE5-897E-F0E86EB530B7} = {AD6A872A-CCD5-4EBD-8E00-BB44C93C5C3E}
		{584EF101-DF02-4C0F-88A9-18EADE7F9C01} = {AD6A872A-CCD5-4EBD-8E00-BB44C93C5C3E}
		{28E8C712-9FD9-4A87-9BB7-9608FFC12C6C} = {AD6A872A-CCD5-4EBD-8E00-BB44C93C5C3E}
		{A4372A2E-E797-4594-8211-37C96F4E7CC4} = {AD6A872A-CCD5-4EBD-8E00-BB44C93C5C3E}
		{3EDC2D04-1B59-4841-B924-05AA365B1378} = {AD6A872A-CCD5-4EBD-8E00-BB44C93C5C3E}
		{4F3231A4-4F3E-4E05-9AD8-FA674BF9562E} = {AD6A872A-CCD5-4EBD-8E00-BB44C93C5C3E}
		{B7444036-F81E-4BD3-8977-44FE9BD2369F} = {AD6A872A-CCD5-4EBD-8E00-BB44C93C5C3E}
		{67E93508-06A0-4695-B63B-ED68A30C9157} = {0E1ED54E-B988-4711-AC77-C6392121FF1C}
		{47A57495-C40A-46F4-A95E-4F0FA9FB997E} = {0E1ED54E-B988-4711-AC77-C6392121FF1C}
		{053691C8-A3D4-4CA0-B242-27F1E7FA4AF0} = {D3DC66DB-D692-465D-8BDA-43A6AB61FE11}
		{90CD5B4D-E073-40B1-A3BC-CFEB4878548C} = {D3DC66DB-D692-465D-8BDA-43A6AB61FE11}
	EndGlobalSection
EndGlobal
